
Microsoft Visual Studio Solution File, Format Version 12.00
# Visual Studio 15
VisualStudioVersion = 15.0.27703.2042
MinimumVisualStudioVersion = 10.0.40219.1
Project("{FAE04EC0-301F-11D3-BF4B-00C04F79EFBC}") = "ToDoForm", "ToDo Form\ToDoForm.csproj", "{CCAEFB7B-E6B3-4E88-B4C8-D1BAA15D14B7}"
EndProject
Global
	GlobalSection(SolutionConfigurationPlatforms) = preSolution
		Debug|Any CPU = Debug|Any CPU
		Release|Any CPU = Release|Any CPU
	EndGlobalSection
	GlobalSection(ProjectConfigurationPlatforms) = postSolution
		{CCAEFB7B-E6B3-4E88-B4C8-D1BAA15D14B7}.Debug|Any CPU.ActiveCfg = Debug|Any CPU
		{CCAEFB7B-E6B3-4E88-B4C8-D1BAA15D14B7}.Debug|Any CPU.Build.0 = Debug|Any CPU
		{CCAEFB7B-E6B3-4E88-B4C8-D1BAA15D14B7}.Release|Any CPU.ActiveCfg = Release|Any CPU
		{CCAEFB7B-E6B3-4E88-B4C8-D1BAA15D14B7}.Release|Any CPU.Build.0 = Release|Any CPU
	EndGlobalSection
	GlobalSection(SolutionProperties) = preSolution
		HideSolutionNode = FALSE
	EndGlobalSection
	GlobalSection(ExtensibilityGlobals) = postSolution
		SolutionGuid = {EC6745AE-7AA1-4F39-A10E-63FAFB4ACA92}
	EndGlobalSection
EndGlobal
